
Microsoft Visual Studio Solution File, Format Version 12.00
# Visual Studio Version 17
VisualStudioVersion = 17.2.32616.157
MinimumVisualStudioVersion = 10.0.40219.1
Project("{2150E333-8FDC-42A3-9474-1A3956D46DE8}") = "src", "src", "{C727F6B6-DF2B-44AA-AF83-01BC949E0929}"
EndProject
Project("{2150E333-8FDC-42A3-9474-1A3956D46DE8}") = "tests", "tests", "{C677AD6F-71D5-4D9B-B74F-90D8AD3217CA}"
EndProject
Project("{2150E333-8FDC-42A3-9474-1A3956D46DE8}") = "Services", "Services", "{4929081D-7243-438E-B6F9-AAF6308AD1D8}"
EndProject
Project("{2150E333-8FDC-42A3-9474-1A3956D46DE8}") = "Shared", "Shared", "{5D193528-417C-4E4E-B0BE-194D1F4161D1}"
EndProject
Project("{9A19103F-16F7-4668-BE54-9A1E7A4F7556}") = "Common.Base.Shared", "src\shared\Common.Base.Shared\Common.Base.Shared.csproj", "{4FBED5CC-17DC-4A6B-9D31-6F31EDB8DE10}"
EndProject
Project("{2150E333-8FDC-42A3-9474-1A3956D46DE8}") = "AccountSvc", "AccountSvc", "{3A4CE55C-E75F-4060-9E77-210A80734797}"
EndProject
Project("{2150E333-8FDC-42A3-9474-1A3956D46DE8}") = "LedgerSvc", "LedgerSvc", "{920D7FA2-118C-4003-843A-49BD9030CA73}"
EndProject
Project("{2150E333-8FDC-42A3-9474-1A3956D46DE8}") = "CustomerSvc", "CustomerSvc", "{D32377DC-1A1F-4FDC-B8A3-F01B14007FE4}"
EndProject
Project("{2150E333-8FDC-42A3-9474-1A3956D46DE8}") = "InventorySvc", "InventorySvc", "{44DCF313-17E5-46BC-BEBE-ECB63205250F}"
EndProject
Project("{2150E333-8FDC-42A3-9474-1A3956D46DE8}") = "OrderSvc", "OrderSvc", "{0949A1B2-AC91-4E79-BE17-B910F65753C0}"
EndProject
Project("{2150E333-8FDC-42A3-9474-1A3956D46DE8}") = "IdentitySvc", "IdentitySvc", "{82824C92-15AB-4EB7-8DE7-6BE0CFEAE5BA}"
EndProject
Project("{9A19103F-16F7-4668-BE54-9A1E7A4F7556}") = "Accounts.API", "src\services\AccountSvc\Accounts.API\Accounts.API.csproj", "{8E79AC51-B6D4-44CB-BA0C-CB90E565A417}"
EndProject
Project("{9A19103F-16F7-4668-BE54-9A1E7A4F7556}") = "Accounts.Domain", "src\services\AccountSvc\Accounts.Domain\Accounts.Domain.csproj", "{3F550739-09D8-42D1-BFF4-85B29E847C82}"
EndProject
Project("{9A19103F-16F7-4668-BE54-9A1E7A4F7556}") = "Accounts.Data", "src\services\AccountSvc\Accounts.Data\Accounts.Data.csproj", "{1E03C177-1693-4808-BFAB-27155FB14998}"
EndProject
Project("{9A19103F-16F7-4668-BE54-9A1E7A4F7556}") = "Accounts.Services", "src\services\AccountSvc\Accounts.Services\Accounts.Services.csproj", "{A01FCECA-D12D-4EC5-AA13-615A3A147AEB}"
EndProject
Project("{9A19103F-16F7-4668-BE54-9A1E7A4F7556}") = "Accounts.K8", "src\services\AccountSvc\Accounts.K8\Accounts.K8.csproj", "{A82A056A-5F58-4A21-AC56-215EEAC35079}"
EndProject
Project("{9A19103F-16F7-4668-BE54-9A1E7A4F7556}") = "Customers.API", "src\services\CustomerSvc\Customers.API\Customers.API.csproj", "{B8AC2EDD-1D3E-4D4D-85F2-CD0E61AF6402}"
EndProject
Project("{9A19103F-16F7-4668-BE54-9A1E7A4F7556}") = "Customers.Data", "src\services\CustomerSvc\Customers.Data\Customers.Data.csproj", "{FF3389B0-AD27-4B24-994B-FEDECAC03DCF}"
EndProject
Project("{9A19103F-16F7-4668-BE54-9A1E7A4F7556}") = "Customers.Domain", "src\services\CustomerSvc\Customers.Domain\Customers.Domain.csproj", "{22FCF0B6-F014-4537-B98F-FE66013D79F4}"
EndProject
Project("{9A19103F-16F7-4668-BE54-9A1E7A4F7556}") = "Customers.Services", "src\services\CustomerSvc\Customers.Services\Customers.Services.csproj", "{72EF448B-5E72-48D4-AAD8-B8D72C1B56CA}"
EndProject
Project("{9A19103F-16F7-4668-BE54-9A1E7A4F7556}") = "Inventories.API", "src\services\InventorySvc\Inventories.API\Inventories.API.csproj", "{610F2F5A-E16D-4ACD-BB6B-E2E304B65DA0}"
EndProject
Project("{9A19103F-16F7-4668-BE54-9A1E7A4F7556}") = "Inventories.Data", "src\services\InventorySvc\Inventories.Data\Inventories.Data.csproj", "{88070FB2-8E16-4EB1-90CA-67812B195331}"
EndProject
Project("{9A19103F-16F7-4668-BE54-9A1E7A4F7556}") = "Inventories.Domain", "src\services\InventorySvc\Inventories.Domain\Inventories.Domain.csproj", "{E5919734-F373-4214-86F2-68C5FDA03352}"
EndProject
Project("{9A19103F-16F7-4668-BE54-9A1E7A4F7556}") = "Ordering.API", "src\services\OrderSvc\Ordering.API\Ordering.API.csproj", "{6D64484A-EA52-4005-BA90-73FF4EDDBC94}"
EndProject
Project("{9A19103F-16F7-4668-BE54-9A1E7A4F7556}") = "Ordering.Data", "src\services\OrderSvc\Ordering.Data\Ordering.Data.csproj", "{908CDB0A-3D8D-4FCC-9F0D-8752259EA304}"
EndProject
Project("{9A19103F-16F7-4668-BE54-9A1E7A4F7556}") = "Ordering.Domain", "src\services\OrderSvc\Ordering.Domain\Ordering.Domain.csproj", "{393677A4-680F-4748-80D4-40596F695A52}"
EndProject
Project("{9A19103F-16F7-4668-BE54-9A1E7A4F7556}") = "Inventories.Services", "src\services\InventorySvc\Inventories.Services\Inventories.Services.csproj", "{83389651-4090-4061-913C-9219DE22EBBF}"
EndProject
Project("{9A19103F-16F7-4668-BE54-9A1E7A4F7556}") = "Ordering.Services", "src\services\OrderSvc\Ordering.Services\Ordering.Services.csproj", "{8B176C0C-1F08-428E-9C33-FF0DAA7E3B32}"
EndProject
Project("{9A19103F-16F7-4668-BE54-9A1E7A4F7556}") = "HadiWebBFF", "src\APIAggregator\HadiWebBFF\HadiWebBFF.csproj", "{55EAF190-FCDC-4034-B5A3-AFBC822EB90E}"
EndProject
Project("{9A19103F-16F7-4668-BE54-9A1E7A4F7556}") = "HadiHealthChecks", "src\HealthChecks\HadiHealthChecks\HadiHealthChecks.csproj", "{D543FBC6-317E-4037-89E0-612091FF7596}"
EndProject
Project("{2150E333-8FDC-42A3-9474-1A3956D46DE8}") = "EventBus", "EventBus", "{0318A241-46CB-4195-B0E3-0AFE9F096DA0}"
EndProject
Project("{9A19103F-16F7-4668-BE54-9A1E7A4F7556}") = "RabbitMQ", "src\shared\EventBus\RabbitMQ\RabbitMQ.csproj", "{D65E2B01-4DE5-44E8-BECF-8439A379C3CF}"
EndProject
Project("{2150E333-8FDC-42A3-9474-1A3956D46DE8}") = "Dtos", "Dtos", "{BA0838AE-FA4D-42F8-8764-C9493B335D66}"
EndProject
Project("{9A19103F-16F7-4668-BE54-9A1E7A4F7556}") = "CustomerBusinessDtos", "CustomerBusinessDtos\CustomerBusinessDtos.csproj", "{EB35EB1E-3034-4B52-A777-4EA8A6E1AA11}"
EndProject
Project("{9A19103F-16F7-4668-BE54-9A1E7A4F7556}") = "Ordering.Data.Mongo", "src\services\OrderSvc\Ordering.Data.Mongo\Ordering.Data.Mongo.csproj", "{64A742DD-7B69-4EFE-A194-A98E83CA228C}"
EndProject
Project("{9A19103F-16F7-4668-BE54-9A1E7A4F7556}") = "OrderingDtos", "src\shared\Dtos\OrderingDtos\OrderingDtos.csproj", "{3C86E1B7-132B-4D82-B194-93FCF023078A}"
EndProject
Project("{2150E333-8FDC-42A3-9474-1A3956D46DE8}") = "InfrastructureSvc", "InfrastructureSvc", "{C29F1A8F-AC61-40FE-8269-6A3CDA846922}"
EndProject
Project("{FAE04EC0-301F-11D3-BF4B-00C04F79EFBC}") = "Infrastructure.API", "src\services\InfrastructureSvc\Infrastructure.API\Infrastructure.API.csproj", "{8E408C63-2D22-4749-B65C-3ACBB77D86DE}"
EndProject
Global
	GlobalSection(SolutionConfigurationPlatforms) = preSolution
		Debug|Any CPU = Debug|Any CPU
		Release|Any CPU = Release|Any CPU
	EndGlobalSection
	GlobalSection(ProjectConfigurationPlatforms) = postSolution
		{4FBED5CC-17DC-4A6B-9D31-6F31EDB8DE10}.Debug|Any CPU.ActiveCfg = Debug|Any CPU
		{4FBED5CC-17DC-4A6B-9D31-6F31EDB8DE10}.Debug|Any CPU.Build.0 = Debug|Any CPU
		{4FBED5CC-17DC-4A6B-9D31-6F31EDB8DE10}.Release|Any CPU.ActiveCfg = Release|Any CPU
		{4FBED5CC-17DC-4A6B-9D31-6F31EDB8DE10}.Release|Any CPU.Build.0 = Release|Any CPU
		{8E79AC51-B6D4-44CB-BA0C-CB90E565A417}.Debug|Any CPU.ActiveCfg = Debug|Any CPU
		{8E79AC51-B6D4-44CB-BA0C-CB90E565A417}.Debug|Any CPU.Build.0 = Debug|Any CPU
		{8E79AC51-B6D4-44CB-BA0C-CB90E565A417}.Release|Any CPU.ActiveCfg = Release|Any CPU
		{8E79AC51-B6D4-44CB-BA0C-CB90E565A417}.Release|Any CPU.Build.0 = Release|Any CPU
		{3F550739-09D8-42D1-BFF4-85B29E847C82}.Debug|Any CPU.ActiveCfg = Debug|Any CPU
		{3F550739-09D8-42D1-BFF4-85B29E847C82}.Debug|Any CPU.Build.0 = Debug|Any CPU
		{3F550739-09D8-42D1-BFF4-85B29E847C82}.Release|Any CPU.ActiveCfg = Release|Any CPU
		{3F550739-09D8-42D1-BFF4-85B29E847C82}.Release|Any CPU.Build.0 = Release|Any CPU
		{1E03C177-1693-4808-BFAB-27155FB14998}.Debug|Any CPU.ActiveCfg = Debug|Any CPU
		{1E03C177-1693-4808-BFAB-27155FB14998}.Debug|Any CPU.Build.0 = Debug|Any CPU
		{1E03C177-1693-4808-BFAB-27155FB14998}.Release|Any CPU.ActiveCfg = Release|Any CPU
		{1E03C177-1693-4808-BFAB-27155FB14998}.Release|Any CPU.Build.0 = Release|Any CPU
		{A01FCECA-D12D-4EC5-AA13-615A3A147AEB}.Debug|Any CPU.ActiveCfg = Debug|Any CPU
		{A01FCECA-D12D-4EC5-AA13-615A3A147AEB}.Debug|Any CPU.Build.0 = Debug|Any CPU
		{A01FCECA-D12D-4EC5-AA13-615A3A147AEB}.Release|Any CPU.ActiveCfg = Release|Any CPU
		{A01FCECA-D12D-4EC5-AA13-615A3A147AEB}.Release|Any CPU.Build.0 = Release|Any CPU
		{A82A056A-5F58-4A21-AC56-215EEAC35079}.Debug|Any CPU.ActiveCfg = Debug|Any CPU
		{A82A056A-5F58-4A21-AC56-215EEAC35079}.Debug|Any CPU.Build.0 = Debug|Any CPU
		{A82A056A-5F58-4A21-AC56-215EEAC35079}.Release|Any CPU.ActiveCfg = Release|Any CPU
		{A82A056A-5F58-4A21-AC56-215EEAC35079}.Release|Any CPU.Build.0 = Release|Any CPU
		{B8AC2EDD-1D3E-4D4D-85F2-CD0E61AF6402}.Debug|Any CPU.ActiveCfg = Debug|Any CPU
		{B8AC2EDD-1D3E-4D4D-85F2-CD0E61AF6402}.Debug|Any CPU.Build.0 = Debug|Any CPU
		{B8AC2EDD-1D3E-4D4D-85F2-CD0E61AF6402}.Release|Any CPU.ActiveCfg = Release|Any CPU
		{B8AC2EDD-1D3E-4D4D-85F2-CD0E61AF6402}.Release|Any CPU.Build.0 = Release|Any CPU
		{FF3389B0-AD27-4B24-994B-FEDECAC03DCF}.Debug|Any CPU.ActiveCfg = Debug|Any CPU
		{FF3389B0-AD27-4B24-994B-FEDECAC03DCF}.Debug|Any CPU.Build.0 = Debug|Any CPU
		{FF3389B0-AD27-4B24-994B-FEDECAC03DCF}.Release|Any CPU.ActiveCfg = Release|Any CPU
		{FF3389B0-AD27-4B24-994B-FEDECAC03DCF}.Release|Any CPU.Build.0 = Release|Any CPU
		{22FCF0B6-F014-4537-B98F-FE66013D79F4}.Debug|Any CPU.ActiveCfg = Debug|Any CPU
		{22FCF0B6-F014-4537-B98F-FE66013D79F4}.Debug|Any CPU.Build.0 = Debug|Any CPU
		{22FCF0B6-F014-4537-B98F-FE66013D79F4}.Release|Any CPU.ActiveCfg = Release|Any CPU
		{22FCF0B6-F014-4537-B98F-FE66013D79F4}.Release|Any CPU.Build.0 = Release|Any CPU
		{72EF448B-5E72-48D4-AAD8-B8D72C1B56CA}.Debug|Any CPU.ActiveCfg = Debug|Any CPU
		{72EF448B-5E72-48D4-AAD8-B8D72C1B56CA}.Debug|Any CPU.Build.0 = Debug|Any CPU
		{72EF448B-5E72-48D4-AAD8-B8D72C1B56CA}.Release|Any CPU.ActiveCfg = Release|Any CPU
		{72EF448B-5E72-48D4-AAD8-B8D72C1B56CA}.Release|Any CPU.Build.0 = Release|Any CPU
		{610F2F5A-E16D-4ACD-BB6B-E2E304B65DA0}.Debug|Any CPU.ActiveCfg = Debug|Any CPU
		{610F2F5A-E16D-4ACD-BB6B-E2E304B65DA0}.Debug|Any CPU.Build.0 = Debug|Any CPU
		{610F2F5A-E16D-4ACD-BB6B-E2E304B65DA0}.Release|Any CPU.ActiveCfg = Release|Any CPU
		{610F2F5A-E16D-4ACD-BB6B-E2E304B65DA0}.Release|Any CPU.Build.0 = Release|Any CPU
		{88070FB2-8E16-4EB1-90CA-67812B195331}.Debug|Any CPU.ActiveCfg = Debug|Any CPU
		{88070FB2-8E16-4EB1-90CA-67812B195331}.Debug|Any CPU.Build.0 = Debug|Any CPU
		{88070FB2-8E16-4EB1-90CA-67812B195331}.Release|Any CPU.ActiveCfg = Release|Any CPU
		{88070FB2-8E16-4EB1-90CA-67812B195331}.Release|Any CPU.Build.0 = Release|Any CPU
		{E5919734-F373-4214-86F2-68C5FDA03352}.Debug|Any CPU.ActiveCfg = Debug|Any CPU
		{E5919734-F373-4214-86F2-68C5FDA03352}.Debug|Any CPU.Build.0 = Debug|Any CPU
		{E5919734-F373-4214-86F2-68C5FDA03352}.Release|Any CPU.ActiveCfg = Release|Any CPU
		{E5919734-F373-4214-86F2-68C5FDA03352}.Release|Any CPU.Build.0 = Release|Any CPU
		{6D64484A-EA52-4005-BA90-73FF4EDDBC94}.Debug|Any CPU.ActiveCfg = Debug|Any CPU
		{6D64484A-EA52-4005-BA90-73FF4EDDBC94}.Debug|Any CPU.Build.0 = Debug|Any CPU
		{6D64484A-EA52-4005-BA90-73FF4EDDBC94}.Release|Any CPU.ActiveCfg = Release|Any CPU
		{6D64484A-EA52-4005-BA90-73FF4EDDBC94}.Release|Any CPU.Build.0 = Release|Any CPU
		{908CDB0A-3D8D-4FCC-9F0D-8752259EA304}.Debug|Any CPU.ActiveCfg = Debug|Any CPU
		{908CDB0A-3D8D-4FCC-9F0D-8752259EA304}.Debug|Any CPU.Build.0 = Debug|Any CPU
		{908CDB0A-3D8D-4FCC-9F0D-8752259EA304}.Release|Any CPU.ActiveCfg = Release|Any CPU
		{908CDB0A-3D8D-4FCC-9F0D-8752259EA304}.Release|Any CPU.Build.0 = Release|Any CPU
		{393677A4-680F-4748-80D4-40596F695A52}.Debug|Any CPU.ActiveCfg = Debug|Any CPU
		{393677A4-680F-4748-80D4-40596F695A52}.Debug|Any CPU.Build.0 = Debug|Any CPU
		{393677A4-680F-4748-80D4-40596F695A52}.Release|Any CPU.ActiveCfg = Release|Any CPU
		{393677A4-680F-4748-80D4-40596F695A52}.Release|Any CPU.Build.0 = Release|Any CPU
		{83389651-4090-4061-913C-9219DE22EBBF}.Debug|Any CPU.ActiveCfg = Debug|Any CPU
		{83389651-4090-4061-913C-9219DE22EBBF}.Debug|Any CPU.Build.0 = Debug|Any CPU
		{83389651-4090-4061-913C-9219DE22EBBF}.Release|Any CPU.ActiveCfg = Release|Any CPU
		{83389651-4090-4061-913C-9219DE22EBBF}.Release|Any CPU.Build.0 = Release|Any CPU
		{8B176C0C-1F08-428E-9C33-FF0DAA7E3B32}.Debug|Any CPU.ActiveCfg = Debug|Any CPU
		{8B176C0C-1F08-428E-9C33-FF0DAA7E3B32}.Debug|Any CPU.Build.0 = Debug|Any CPU
		{8B176C0C-1F08-428E-9C33-FF0DAA7E3B32}.Release|Any CPU.ActiveCfg = Release|Any CPU
		{8B176C0C-1F08-428E-9C33-FF0DAA7E3B32}.Release|Any CPU.Build.0 = Release|Any CPU
		{55EAF190-FCDC-4034-B5A3-AFBC822EB90E}.Debug|Any CPU.ActiveCfg = Debug|Any CPU
		{55EAF190-FCDC-4034-B5A3-AFBC822EB90E}.Debug|Any CPU.Build.0 = Debug|Any CPU
		{55EAF190-FCDC-4034-B5A3-AFBC822EB90E}.Release|Any CPU.ActiveCfg = Release|Any CPU
		{55EAF190-FCDC-4034-B5A3-AFBC822EB90E}.Release|Any CPU.Build.0 = Release|Any CPU
		{D543FBC6-317E-4037-89E0-612091FF7596}.Debug|Any CPU.ActiveCfg = Debug|Any CPU
		{D543FBC6-317E-4037-89E0-612091FF7596}.Debug|Any CPU.Build.0 = Debug|Any CPU
		{D543FBC6-317E-4037-89E0-612091FF7596}.Release|Any CPU.ActiveCfg = Release|Any CPU
		{D543FBC6-317E-4037-89E0-612091FF7596}.Release|Any CPU.Build.0 = Release|Any CPU
		{D65E2B01-4DE5-44E8-BECF-8439A379C3CF}.Debug|Any CPU.ActiveCfg = Debug|Any CPU
		{D65E2B01-4DE5-44E8-BECF-8439A379C3CF}.Debug|Any CPU.Build.0 = Debug|Any CPU
		{D65E2B01-4DE5-44E8-BECF-8439A379C3CF}.Release|Any CPU.ActiveCfg = Release|Any CPU
		{D65E2B01-4DE5-44E8-BECF-8439A379C3CF}.Release|Any CPU.Build.0 = Release|Any CPU
		{EB35EB1E-3034-4B52-A777-4EA8A6E1AA11}.Debug|Any CPU.ActiveCfg = Debug|Any CPU
		{EB35EB1E-3034-4B52-A777-4EA8A6E1AA11}.Debug|Any CPU.Build.0 = Debug|Any CPU
		{EB35EB1E-3034-4B52-A777-4EA8A6E1AA11}.Release|Any CPU.ActiveCfg = Release|Any CPU
		{EB35EB1E-3034-4B52-A777-4EA8A6E1AA11}.Release|Any CPU.Build.0 = Release|Any CPU
		{64A742DD-7B69-4EFE-A194-A98E83CA228C}.Debug|Any CPU.ActiveCfg = Debug|Any CPU
		{64A742DD-7B69-4EFE-A194-A98E83CA228C}.Debug|Any CPU.Build.0 = Debug|Any CPU
		{64A742DD-7B69-4EFE-A194-A98E83CA228C}.Release|Any CPU.ActiveCfg = Release|Any CPU
		{64A742DD-7B69-4EFE-A194-A98E83CA228C}.Release|Any CPU.Build.0 = Release|Any CPU
		{3C86E1B7-132B-4D82-B194-93FCF023078A}.Debug|Any CPU.ActiveCfg = Debug|Any CPU
		{3C86E1B7-132B-4D82-B194-93FCF023078A}.Debug|Any CPU.Build.0 = Debug|Any CPU
		{3C86E1B7-132B-4D82-B194-93FCF023078A}.Release|Any CPU.ActiveCfg = Release|Any CPU
		{3C86E1B7-132B-4D82-B194-93FCF023078A}.Release|Any CPU.Build.0 = Release|Any CPU
		{8E408C63-2D22-4749-B65C-3ACBB77D86DE}.Debug|Any CPU.ActiveCfg = Debug|Any CPU
		{8E408C63-2D22-4749-B65C-3ACBB77D86DE}.Debug|Any CPU.Build.0 = Debug|Any CPU
		{8E408C63-2D22-4749-B65C-3ACBB77D86DE}.Release|Any CPU.ActiveCfg = Release|Any CPU
		{8E408C63-2D22-4749-B65C-3ACBB77D86DE}.Release|Any CPU.Build.0 = Release|Any CPU
	EndGlobalSection
	GlobalSection(SolutionProperties) = preSolution
		HideSolutionNode = FALSE
	EndGlobalSection
	GlobalSection(NestedProjects) = preSolution
		{4929081D-7243-438E-B6F9-AAF6308AD1D8} = {C727F6B6-DF2B-44AA-AF83-01BC949E0929}
		{5D193528-417C-4E4E-B0BE-194D1F4161D1} = {C727F6B6-DF2B-44AA-AF83-01BC949E0929}
		{4FBED5CC-17DC-4A6B-9D31-6F31EDB8DE10} = {5D193528-417C-4E4E-B0BE-194D1F4161D1}
		{3A4CE55C-E75F-4060-9E77-210A80734797} = {4929081D-7243-438E-B6F9-AAF6308AD1D8}
		{920D7FA2-118C-4003-843A-49BD9030CA73} = {4929081D-7243-438E-B6F9-AAF6308AD1D8}
		{D32377DC-1A1F-4FDC-B8A3-F01B14007FE4} = {4929081D-7243-438E-B6F9-AAF6308AD1D8}
		{44DCF313-17E5-46BC-BEBE-ECB63205250F} = {4929081D-7243-438E-B6F9-AAF6308AD1D8}
		{0949A1B2-AC91-4E79-BE17-B910F65753C0} = {4929081D-7243-438E-B6F9-AAF6308AD1D8}
		{82824C92-15AB-4EB7-8DE7-6BE0CFEAE5BA} = {4929081D-7243-438E-B6F9-AAF6308AD1D8}
		{8E79AC51-B6D4-44CB-BA0C-CB90E565A417} = {3A4CE55C-E75F-4060-9E77-210A80734797}
		{3F550739-09D8-42D1-BFF4-85B29E847C82} = {3A4CE55C-E75F-4060-9E77-210A80734797}
		{1E03C177-1693-4808-BFAB-27155FB14998} = {3A4CE55C-E75F-4060-9E77-210A80734797}
		{A01FCECA-D12D-4EC5-AA13-615A3A147AEB} = {3A4CE55C-E75F-4060-9E77-210A80734797}
		{A82A056A-5F58-4A21-AC56-215EEAC35079} = {3A4CE55C-E75F-4060-9E77-210A80734797}
		{B8AC2EDD-1D3E-4D4D-85F2-CD0E61AF6402} = {D32377DC-1A1F-4FDC-B8A3-F01B14007FE4}
		{FF3389B0-AD27-4B24-994B-FEDECAC03DCF} = {D32377DC-1A1F-4FDC-B8A3-F01B14007FE4}
		{22FCF0B6-F014-4537-B98F-FE66013D79F4} = {D32377DC-1A1F-4FDC-B8A3-F01B14007FE4}
		{72EF448B-5E72-48D4-AAD8-B8D72C1B56CA} = {D32377DC-1A1F-4FDC-B8A3-F01B14007FE4}
		{610F2F5A-E16D-4ACD-BB6B-E2E304B65DA0} = {44DCF313-17E5-46BC-BEBE-ECB63205250F}
		{88070FB2-8E16-4EB1-90CA-67812B195331} = {44DCF313-17E5-46BC-BEBE-ECB63205250F}
		{E5919734-F373-4214-86F2-68C5FDA03352} = {44DCF313-17E5-46BC-BEBE-ECB63205250F}
		{6D64484A-EA52-4005-BA90-73FF4EDDBC94} = {0949A1B2-AC91-4E79-BE17-B910F65753C0}
		{908CDB0A-3D8D-4FCC-9F0D-8752259EA304} = {0949A1B2-AC91-4E79-BE17-B910F65753C0}
		{393677A4-680F-4748-80D4-40596F695A52} = {0949A1B2-AC91-4E79-BE17-B910F65753C0}
		{83389651-4090-4061-913C-9219DE22EBBF} = {44DCF313-17E5-46BC-BEBE-ECB63205250F}
		{8B176C0C-1F08-428E-9C33-FF0DAA7E3B32} = {0949A1B2-AC91-4E79-BE17-B910F65753C0}
		{55EAF190-FCDC-4034-B5A3-AFBC822EB90E} = {C727F6B6-DF2B-44AA-AF83-01BC949E0929}
		{D543FBC6-317E-4037-89E0-612091FF7596} = {C727F6B6-DF2B-44AA-AF83-01BC949E0929}
		{0318A241-46CB-4195-B0E3-0AFE9F096DA0} = {5D193528-417C-4E4E-B0BE-194D1F4161D1}
		{D65E2B01-4DE5-44E8-BECF-8439A379C3CF} = {0318A241-46CB-4195-B0E3-0AFE9F096DA0}
		{BA0838AE-FA4D-42F8-8764-C9493B335D66} = {5D193528-417C-4E4E-B0BE-194D1F4161D1}
		{EB35EB1E-3034-4B52-A777-4EA8A6E1AA11} = {BA0838AE-FA4D-42F8-8764-C9493B335D66}
		{64A742DD-7B69-4EFE-A194-A98E83CA228C} = {0949A1B2-AC91-4E79-BE17-B910F65753C0}
		{3C86E1B7-132B-4D82-B194-93FCF023078A} = {BA0838AE-FA4D-42F8-8764-C9493B335D66}
		{C29F1A8F-AC61-40FE-8269-6A3CDA846922} = {4929081D-7243-438E-B6F9-AAF6308AD1D8}
		{8E408C63-2D22-4749-B65C-3ACBB77D86DE} = {C29F1A8F-AC61-40FE-8269-6A3CDA846922}
	EndGlobalSection
	GlobalSection(ExtensibilityGlobals) = postSolution
		SolutionGuid = {280CD2F5-CB09-4D77-84CA-B00DFAB5E365}
	EndGlobalSection
EndGlobal
